
Microsoft Visual Studio Solution File, Format Version 12.00
# Visual Studio Version 17
VisualStudioVersion = 17.7.34024.191
MinimumVisualStudioVersion = 10.0.40219.1
Project("{9A19103F-16F7-4668-BE54-9A1E7A4F7556}") = "mySecondProject", "mySecondProject\mySecondProject.csproj", "{69C46D2A-08BD-4D1B-ABA4-2A3271680AAF}"
EndProject
Project("{2150E333-8FDC-42A3-9474-1A3956D46DE8}") = "scrpt2", "scrpt2", "{DF8B9E65-D15C-4479-B207-1059819F2AC7}"
EndProject
Project("{9A19103F-16F7-4668-BE54-9A1E7A4F7556}") = "week1", "week2\week1.csproj", "{36E41ACE-EE13-46D2-A777-BBD6C7C6F9A6}"
EndProject
Project("{9A19103F-16F7-4668-BE54-9A1E7A4F7556}") = "anotherOne", "anotherOne\anotherOne.csproj", "{98E5591B-668C-4868-BF91-37279081DD20}"
EndProject
Project("{9A19103F-16F7-4668-BE54-9A1E7A4F7556}") = "calculator", "calculator\calculator.csproj", "{99CFFDFA-5226-4760-9B22-4862762944F4}"
EndProject
Project("{9A19103F-16F7-4668-BE54-9A1E7A4F7556}") = "anotherTwo", "anotherTwo\anotherTwo.csproj", "{C836464B-D021-44E2-9005-6EBF82824DC1}"
EndProject
Project("{9A19103F-16F7-4668-BE54-9A1E7A4F7556}") = "scriptingTest", "scriptingTest\scriptingTest.csproj", "{021ED95E-B75C-4E94-AEAE-D0BF08E9617C}"
EndProject
Project("{9A19103F-16F7-4668-BE54-9A1E7A4F7556}") = "IDK", "IDK\IDK.csproj", "{DA71BA5A-4148-41DB-BAF3-41F68111AEFF}"
EndProject
Project("{9A19103F-16F7-4668-BE54-9A1E7A4F7556}") = "ahhhh", "ahhhh\ahhhh.csproj", "{5059471A-7D0E-48F1-A228-3241F0E2FD2A}"
EndProject
Project("{9A19103F-16F7-4668-BE54-9A1E7A4F7556}") = "27-11-2023", "27-11-2023\27-11-2023.csproj", "{EDD0DAE4-CEE9-4B00-BA05-3E16974BDDCF}"
EndProject
Project("{9A19103F-16F7-4668-BE54-9A1E7A4F7556}") = "11-12-2023", "11-12-2023\11-12-2023.csproj", "{93BCC093-4E2E-4704-84C6-F3659BA53DD9}"
EndProject
Project("{9A19103F-16F7-4668-BE54-9A1E7A4F7556}") = "18-12-2023_catcannon", "18-12-2023_catcannon\18-12-2023_catcannon.csproj", "{7A3F02A4-928F-4C41-BFDB-1D2874F1949D}"
EndProject
Project("{9A19103F-16F7-4668-BE54-9A1E7A4F7556}") = "15-1-2024-praticeTest", "15-1-2024-praticeTest\15-1-2024-praticeTest.csproj", "{AF8BC155-C305-4F3E-8DA5-C918816B075F}"
EndProject
Project("{9A19103F-16F7-4668-BE54-9A1E7A4F7556}") = "Cheat_Sheet2", "Cheat_Sheet2\Cheat_Sheet2.csproj", "{1D35134B-5FC9-4DC5-B1C7-9A03EE39631D}"
EndProject
Project("{9A19103F-16F7-4668-BE54-9A1E7A4F7556}") = "scriptingtest2", "scriptingtest2\scriptingtest2.csproj", "{94BAB998-6799-4B1D-8D31-B7041BDB7C5C}"
EndProject
Project("{9A19103F-16F7-4668-BE54-9A1E7A4F7556}") = "8ballz", "8ballz\8ballz.csproj", "{ECD8FC2D-1AE2-4000-90FD-418A04F1176B}"
EndProject
Project("{9A19103F-16F7-4668-BE54-9A1E7A4F7556}") = "lists", "lists\lists.csproj", "{C3D358C0-E88A-4E09-9175-E9EB3A7D0339}"
EndProject
Project("{9A19103F-16F7-4668-BE54-9A1E7A4F7556}") = "switchCase", "switchCase\switchCase.csproj", "{AE34B39F-3548-4E28-81C8-8484ED5895E5}"
EndProject
Project("{9A19103F-16F7-4668-BE54-9A1E7A4F7556}") = "smallGame1", "smallGame1\smallGame1.csproj", "{65724956-BFE0-4D1E-A1B6-FC9A18008BE4}"
EndProject
Project("{FAE04EC0-301F-11D3-BF4B-00C04F79EFBC}") = "method", "method\method.csproj", "{4788B7D0-A5FB-4B1C-8B01-3464BB223304}"
EndProject
Global
	GlobalSection(SolutionConfigurationPlatforms) = preSolution
		Debug|Any CPU = Debug|Any CPU
		Release|Any CPU = Release|Any CPU
	EndGlobalSection
	GlobalSection(ProjectConfigurationPlatforms) = postSolution
		{69C46D2A-08BD-4D1B-ABA4-2A3271680AAF}.Debug|Any CPU.ActiveCfg = Debug|Any CPU
		{69C46D2A-08BD-4D1B-ABA4-2A3271680AAF}.Debug|Any CPU.Build.0 = Debug|Any CPU
		{69C46D2A-08BD-4D1B-ABA4-2A3271680AAF}.Release|Any CPU.ActiveCfg = Release|Any CPU
		{69C46D2A-08BD-4D1B-ABA4-2A3271680AAF}.Release|Any CPU.Build.0 = Release|Any CPU
		{36E41ACE-EE13-46D2-A777-BBD6C7C6F9A6}.Debug|Any CPU.ActiveCfg = Debug|Any CPU
		{36E41ACE-EE13-46D2-A777-BBD6C7C6F9A6}.Debug|Any CPU.Build.0 = Debug|Any CPU
		{36E41ACE-EE13-46D2-A777-BBD6C7C6F9A6}.Release|Any CPU.ActiveCfg = Release|Any CPU
		{36E41ACE-EE13-46D2-A777-BBD6C7C6F9A6}.Release|Any CPU.Build.0 = Release|Any CPU
		{98E5591B-668C-4868-BF91-37279081DD20}.Debug|Any CPU.ActiveCfg = Debug|Any CPU
		{98E5591B-668C-4868-BF91-37279081DD20}.Debug|Any CPU.Build.0 = Debug|Any CPU
		{98E5591B-668C-4868-BF91-37279081DD20}.Release|Any CPU.ActiveCfg = Release|Any CPU
		{98E5591B-668C-4868-BF91-37279081DD20}.Release|Any CPU.Build.0 = Release|Any CPU
		{99CFFDFA-5226-4760-9B22-4862762944F4}.Debug|Any CPU.ActiveCfg = Debug|Any CPU
		{99CFFDFA-5226-4760-9B22-4862762944F4}.Debug|Any CPU.Build.0 = Debug|Any CPU
		{99CFFDFA-5226-4760-9B22-4862762944F4}.Release|Any CPU.ActiveCfg = Release|Any CPU
		{99CFFDFA-5226-4760-9B22-4862762944F4}.Release|Any CPU.Build.0 = Release|Any CPU
		{C836464B-D021-44E2-9005-6EBF82824DC1}.Debug|Any CPU.ActiveCfg = Debug|Any CPU
		{C836464B-D021-44E2-9005-6EBF82824DC1}.Debug|Any CPU.Build.0 = Debug|Any CPU
		{C836464B-D021-44E2-9005-6EBF82824DC1}.Release|Any CPU.ActiveCfg = Release|Any CPU
		{C836464B-D021-44E2-9005-6EBF82824DC1}.Release|Any CPU.Build.0 = Release|Any CPU
		{021ED95E-B75C-4E94-AEAE-D0BF08E9617C}.Debug|Any CPU.ActiveCfg = Debug|Any CPU
		{021ED95E-B75C-4E94-AEAE-D0BF08E9617C}.Debug|Any CPU.Build.0 = Debug|Any CPU
		{021ED95E-B75C-4E94-AEAE-D0BF08E9617C}.Release|Any CPU.ActiveCfg = Release|Any CPU
		{021ED95E-B75C-4E94-AEAE-D0BF08E9617C}.Release|Any CPU.Build.0 = Release|Any CPU
		{DA71BA5A-4148-41DB-BAF3-41F68111AEFF}.Debug|Any CPU.ActiveCfg = Debug|Any CPU
		{DA71BA5A-4148-41DB-BAF3-41F68111AEFF}.Debug|Any CPU.Build.0 = Debug|Any CPU
		{DA71BA5A-4148-41DB-BAF3-41F68111AEFF}.Release|Any CPU.ActiveCfg = Release|Any CPU
		{DA71BA5A-4148-41DB-BAF3-41F68111AEFF}.Release|Any CPU.Build.0 = Release|Any CPU
		{5059471A-7D0E-48F1-A228-3241F0E2FD2A}.Debug|Any CPU.ActiveCfg = Debug|Any CPU
		{5059471A-7D0E-48F1-A228-3241F0E2FD2A}.Debug|Any CPU.Build.0 = Debug|Any CPU
		{5059471A-7D0E-48F1-A228-3241F0E2FD2A}.Release|Any CPU.ActiveCfg = Release|Any CPU
		{5059471A-7D0E-48F1-A228-3241F0E2FD2A}.Release|Any CPU.Build.0 = Release|Any CPU
		{EDD0DAE4-CEE9-4B00-BA05-3E16974BDDCF}.Debug|Any CPU.ActiveCfg = Debug|Any CPU
		{EDD0DAE4-CEE9-4B00-BA05-3E16974BDDCF}.Debug|Any CPU.Build.0 = Debug|Any CPU
		{EDD0DAE4-CEE9-4B00-BA05-3E16974BDDCF}.Release|Any CPU.ActiveCfg = Release|Any CPU
		{EDD0DAE4-CEE9-4B00-BA05-3E16974BDDCF}.Release|Any CPU.Build.0 = Release|Any CPU
		{93BCC093-4E2E-4704-84C6-F3659BA53DD9}.Debug|Any CPU.ActiveCfg = Debug|Any CPU
		{93BCC093-4E2E-4704-84C6-F3659BA53DD9}.Debug|Any CPU.Build.0 = Debug|Any CPU
		{93BCC093-4E2E-4704-84C6-F3659BA53DD9}.Release|Any CPU.ActiveCfg = Release|Any CPU
		{93BCC093-4E2E-4704-84C6-F3659BA53DD9}.Release|Any CPU.Build.0 = Release|Any CPU
		{7A3F02A4-928F-4C41-BFDB-1D2874F1949D}.Debug|Any CPU.ActiveCfg = Debug|Any CPU
		{7A3F02A4-928F-4C41-BFDB-1D2874F1949D}.Debug|Any CPU.Build.0 = Debug|Any CPU
		{7A3F02A4-928F-4C41-BFDB-1D2874F1949D}.Release|Any CPU.ActiveCfg = Release|Any CPU
		{7A3F02A4-928F-4C41-BFDB-1D2874F1949D}.Release|Any CPU.Build.0 = Release|Any CPU
		{AF8BC155-C305-4F3E-8DA5-C918816B075F}.Debug|Any CPU.ActiveCfg = Debug|Any CPU
		{AF8BC155-C305-4F3E-8DA5-C918816B075F}.Debug|Any CPU.Build.0 = Debug|Any CPU
		{AF8BC155-C305-4F3E-8DA5-C918816B075F}.Release|Any CPU.ActiveCfg = Release|Any CPU
		{AF8BC155-C305-4F3E-8DA5-C918816B075F}.Release|Any CPU.Build.0 = Release|Any CPU
		{1D35134B-5FC9-4DC5-B1C7-9A03EE39631D}.Debug|Any CPU.ActiveCfg = Debug|Any CPU
		{1D35134B-5FC9-4DC5-B1C7-9A03EE39631D}.Debug|Any CPU.Build.0 = Debug|Any CPU
		{1D35134B-5FC9-4DC5-B1C7-9A03EE39631D}.Release|Any CPU.ActiveCfg = Release|Any CPU
		{1D35134B-5FC9-4DC5-B1C7-9A03EE39631D}.Release|Any CPU.Build.0 = Release|Any CPU
		{94BAB998-6799-4B1D-8D31-B7041BDB7C5C}.Debug|Any CPU.ActiveCfg = Debug|Any CPU
		{94BAB998-6799-4B1D-8D31-B7041BDB7C5C}.Debug|Any CPU.Build.0 = Debug|Any CPU
		{94BAB998-6799-4B1D-8D31-B7041BDB7C5C}.Release|Any CPU.ActiveCfg = Release|Any CPU
		{94BAB998-6799-4B1D-8D31-B7041BDB7C5C}.Release|Any CPU.Build.0 = Release|Any CPU
		{ECD8FC2D-1AE2-4000-90FD-418A04F1176B}.Debug|Any CPU.ActiveCfg = Debug|Any CPU
		{ECD8FC2D-1AE2-4000-90FD-418A04F1176B}.Debug|Any CPU.Build.0 = Debug|Any CPU
		{ECD8FC2D-1AE2-4000-90FD-418A04F1176B}.Release|Any CPU.ActiveCfg = Release|Any CPU
		{ECD8FC2D-1AE2-4000-90FD-418A04F1176B}.Release|Any CPU.Build.0 = Release|Any CPU
		{C3D358C0-E88A-4E09-9175-E9EB3A7D0339}.Debug|Any CPU.ActiveCfg = Debug|Any CPU
		{C3D358C0-E88A-4E09-9175-E9EB3A7D0339}.Debug|Any CPU.Build.0 = Debug|Any CPU
		{C3D358C0-E88A-4E09-9175-E9EB3A7D0339}.Release|Any CPU.ActiveCfg = Release|Any CPU
		{C3D358C0-E88A-4E09-9175-E9EB3A7D0339}.Release|Any CPU.Build.0 = Release|Any CPU
		{AE34B39F-3548-4E28-81C8-8484ED5895E5}.Debug|Any CPU.ActiveCfg = Debug|Any CPU
		{AE34B39F-3548-4E28-81C8-8484ED5895E5}.Debug|Any CPU.Build.0 = Debug|Any CPU
		{AE34B39F-3548-4E28-81C8-8484ED5895E5}.Release|Any CPU.ActiveCfg = Release|Any CPU
		{AE34B39F-3548-4E28-81C8-8484ED5895E5}.Release|Any CPU.Build.0 = Release|Any CPU
		{65724956-BFE0-4D1E-A1B6-FC9A18008BE4}.Debug|Any CPU.ActiveCfg = Debug|Any CPU
		{65724956-BFE0-4D1E-A1B6-FC9A18008BE4}.Debug|Any CPU.Build.0 = Debug|Any CPU
		{65724956-BFE0-4D1E-A1B6-FC9A18008BE4}.Release|Any CPU.ActiveCfg = Release|Any CPU
		{65724956-BFE0-4D1E-A1B6-FC9A18008BE4}.Release|Any CPU.Build.0 = Release|Any CPU
		{4788B7D0-A5FB-4B1C-8B01-3464BB223304}.Debug|Any CPU.ActiveCfg = Debug|Any CPU
		{4788B7D0-A5FB-4B1C-8B01-3464BB223304}.Debug|Any CPU.Build.0 = Debug|Any CPU
		{4788B7D0-A5FB-4B1C-8B01-3464BB223304}.Release|Any CPU.ActiveCfg = Release|Any CPU
		{4788B7D0-A5FB-4B1C-8B01-3464BB223304}.Release|Any CPU.Build.0 = Release|Any CPU
	EndGlobalSection
	GlobalSection(SolutionProperties) = preSolution
		HideSolutionNode = FALSE
	EndGlobalSection
	GlobalSection(NestedProjects) = preSolution
		{36E41ACE-EE13-46D2-A777-BBD6C7C6F9A6} = {DF8B9E65-D15C-4479-B207-1059819F2AC7}
		{98E5591B-668C-4868-BF91-37279081DD20} = {DF8B9E65-D15C-4479-B207-1059819F2AC7}
		{99CFFDFA-5226-4760-9B22-4862762944F4} = {DF8B9E65-D15C-4479-B207-1059819F2AC7}
		{C836464B-D021-44E2-9005-6EBF82824DC1} = {DF8B9E65-D15C-4479-B207-1059819F2AC7}
		{021ED95E-B75C-4E94-AEAE-D0BF08E9617C} = {DF8B9E65-D15C-4479-B207-1059819F2AC7}
		{DA71BA5A-4148-41DB-BAF3-41F68111AEFF} = {DF8B9E65-D15C-4479-B207-1059819F2AC7}
		{5059471A-7D0E-48F1-A228-3241F0E2FD2A} = {DF8B9E65-D15C-4479-B207-1059819F2AC7}
		{EDD0DAE4-CEE9-4B00-BA05-3E16974BDDCF} = {DF8B9E65-D15C-4479-B207-1059819F2AC7}
		{93BCC093-4E2E-4704-84C6-F3659BA53DD9} = {DF8B9E65-D15C-4479-B207-1059819F2AC7}
		{7A3F02A4-928F-4C41-BFDB-1D2874F1949D} = {DF8B9E65-D15C-4479-B207-1059819F2AC7}
		{AF8BC155-C305-4F3E-8DA5-C918816B075F} = {DF8B9E65-D15C-4479-B207-1059819F2AC7}
		{1D35134B-5FC9-4DC5-B1C7-9A03EE39631D} = {DF8B9E65-D15C-4479-B207-1059819F2AC7}
		{94BAB998-6799-4B1D-8D31-B7041BDB7C5C} = {DF8B9E65-D15C-4479-B207-1059819F2AC7}
		{ECD8FC2D-1AE2-4000-90FD-418A04F1176B} = {DF8B9E65-D15C-4479-B207-1059819F2AC7}
		{C3D358C0-E88A-4E09-9175-E9EB3A7D0339} = {DF8B9E65-D15C-4479-B207-1059819F2AC7}
		{AE34B39F-3548-4E28-81C8-8484ED5895E5} = {DF8B9E65-D15C-4479-B207-1059819F2AC7}
		{65724956-BFE0-4D1E-A1B6-FC9A18008BE4} = {DF8B9E65-D15C-4479-B207-1059819F2AC7}
		{4788B7D0-A5FB-4B1C-8B01-3464BB223304} = {DF8B9E65-D15C-4479-B207-1059819F2AC7}
	EndGlobalSection
	GlobalSection(ExtensibilityGlobals) = postSolution
		SolutionGuid = {DC4B2299-BAFE-443E-A38F-567FA4834002}
	EndGlobalSection
EndGlobal
